// !$*UTF8*$!
{
	archiveVersion = 1;
	classes = {
	};
	objectVersion = 46;
	objects = {

/* Begin PBXBuildFile section */
		8329ADE61F7CBFFC004AF2E6 /* HomeCollectionCell.swift in Sources */ = {isa = PBXBuildFile; fileRef = 8329ADE51F7CBFFC004AF2E6 /* HomeCollectionCell.swift */; };
		8329ADE81F7D8C53004AF2E6 /* UIView+PoliticoNews.swift in Sources */ = {isa = PBXBuildFile; fileRef = 8329ADE71F7D8C53004AF2E6 /* UIView+PoliticoNews.swift */; };
		832E54C01F7E2D1400B780E5 /* DisplayViewController.swift in Sources */ = {isa = PBXBuildFile; fileRef = 832E54BF1F7E2D1400B780E5 /* DisplayViewController.swift */; };
		833F5B431F8609B80096F367 /* FavoriteArticle.xcdatamodeld in Sources */ = {isa = PBXBuildFile; fileRef = 833F5B411F8609B80096F367 /* FavoriteArticle.xcdatamodeld */; };
		833F5B451F862BBF0096F367 /* UIImageView+PoliticoNews.swift in Sources */ = {isa = PBXBuildFile; fileRef = 833F5B441F862BBF0096F367 /* UIImageView+PoliticoNews.swift */; };
		834E1ECB1F8347E200E47854 /* Article.swift in Sources */ = {isa = PBXBuildFile; fileRef = 834E1ECA1F8347E200E47854 /* Article.swift */; };
		834E1ECD1F85A19E00E47854 /* BoldString.swift in Sources */ = {isa = PBXBuildFile; fileRef = 834E1ECC1F85A19E00E47854 /* BoldString.swift */; };
		83566B331F81E7A0005B5367 /* FavoritesTableCell.swift in Sources */ = {isa = PBXBuildFile; fileRef = 83566B321F81E7A0005B5367 /* FavoritesTableCell.swift */; };
		83566B351F81F691005B5367 /* CoreData.framework in Frameworks */ = {isa = PBXBuildFile; fileRef = 83566B341F81F691005B5367 /* CoreData.framework */; };
		83566B3A1F81F766005B5367 /* CoreDataHelper.swift in Sources */ = {isa = PBXBuildFile; fileRef = 83566B391F81F766005B5367 /* CoreDataHelper.swift */; };
		83769D041F79A0A3001A91D7 /* AppDelegate.swift in Sources */ = {isa = PBXBuildFile; fileRef = 83769D031F79A0A3001A91D7 /* AppDelegate.swift */; };
		83769D061F79A0A3001A91D7 /* NewsTabBarController.swift in Sources */ = {isa = PBXBuildFile; fileRef = 83769D051F79A0A3001A91D7 /* NewsTabBarController.swift */; };
		83769D091F79A0A3001A91D7 /* Main.storyboard in Resources */ = {isa = PBXBuildFile; fileRef = 83769D071F79A0A3001A91D7 /* Main.storyboard */; };
		83769D0B1F79A0A3001A91D7 /* Assets.xcassets in Resources */ = {isa = PBXBuildFile; fileRef = 83769D0A1F79A0A3001A91D7 /* Assets.xcassets */; };
		83769D0E1F79A0A3001A91D7 /* LaunchScreen.storyboard in Resources */ = {isa = PBXBuildFile; fileRef = 83769D0C1F79A0A3001A91D7 /* LaunchScreen.storyboard */; };
		83A32A741F8747E50015E8E6 /* String+PoliticoNews.swift in Sources */ = {isa = PBXBuildFile; fileRef = 83A32A731F8747E50015E8E6 /* String+PoliticoNews.swift */; };
		83BC0B831F7A3A0D002D968E /* ArticleSerialization.swift in Sources */ = {isa = PBXBuildFile; fileRef = 83BC0B821F7A3A0D002D968E /* ArticleSerialization.swift */; };
		83BC0B881F7C4DE7002D968E /* HomeViewController.swift in Sources */ = {isa = PBXBuildFile; fileRef = 83BC0B871F7C4DE7002D968E /* HomeViewController.swift */; };
		83BC0B8A1F7C4DF8002D968E /* FavoritesViewController.swift in Sources */ = {isa = PBXBuildFile; fileRef = 83BC0B891F7C4DF8002D968E /* FavoritesViewController.swift */; };
		83BC0B8D1F7C5245002D968E /* PTViewController.swift in Sources */ = {isa = PBXBuildFile; fileRef = 83BC0B8C1F7C5245002D968E /* PTViewController.swift */; };
		83BC0B8F1F7C52B3002D968E /* PTNavigationController.swift in Sources */ = {isa = PBXBuildFile; fileRef = 83BC0B8E1F7C52B3002D968E /* PTNavigationController.swift */; };
		83BC0B921F7C5ADD002D968E /* NewsTabBar.swift in Sources */ = {isa = PBXBuildFile; fileRef = 83BC0B911F7C5ADD002D968E /* NewsTabBar.swift */; };
		83BC0B971F7C6ED1002D968E /* ArticleViewModel.swift in Sources */ = {isa = PBXBuildFile; fileRef = 83BC0B961F7C6ED1002D968E /* ArticleViewModel.swift */; };
		CB7E13F5C0D48C9F7152554D /* Pods_PoliticoNews.framework in Frameworks */ = {isa = PBXBuildFile; fileRef = 87717073ADBE94EEDAAB6986 /* Pods_PoliticoNews.framework */; };
/* End PBXBuildFile section */

/* Begin PBXFileReference section */
		13601D2AE4B9FD6FC1013827 /* Pods-PoliticoNews.release.xcconfig */ = {isa = PBXFileReference; includeInIndex = 1; lastKnownFileType = text.xcconfig; name = "Pods-PoliticoNews.release.xcconfig"; path = "Pods/Target Support Files/Pods-PoliticoNews/Pods-PoliticoNews.release.xcconfig"; sourceTree = "<group>"; };
		8329ADE51F7CBFFC004AF2E6 /* HomeCollectionCell.swift */ = {isa = PBXFileReference; lastKnownFileType = sourcecode.swift; path = HomeCollectionCell.swift; sourceTree = "<group>"; };
		8329ADE71F7D8C53004AF2E6 /* UIView+PoliticoNews.swift */ = {isa = PBXFileReference; lastKnownFileType = sourcecode.swift; path = "UIView+PoliticoNews.swift"; sourceTree = "<group>"; };
		832E54BF1F7E2D1400B780E5 /* DisplayViewController.swift */ = {isa = PBXFileReference; lastKnownFileType = sourcecode.swift; path = DisplayViewController.swift; sourceTree = "<group>"; };
		833F5B421F8609B80096F367 /* FavoriteArticle.xcdatamodel */ = {isa = PBXFileReference; lastKnownFileType = wrapper.xcdatamodel; path = FavoriteArticle.xcdatamodel; sourceTree = "<group>"; };
		833F5B441F862BBF0096F367 /* UIImageView+PoliticoNews.swift */ = {isa = PBXFileReference; lastKnownFileType = sourcecode.swift; path = "UIImageView+PoliticoNews.swift"; sourceTree = "<group>"; };
		834E1ECA1F8347E200E47854 /* Article.swift */ = {isa = PBXFileReference; lastKnownFileType = sourcecode.swift; path = Article.swift; sourceTree = "<group>"; };
		834E1ECC1F85A19E00E47854 /* BoldString.swift */ = {isa = PBXFileReference; lastKnownFileType = sourcecode.swift; path = BoldString.swift; sourceTree = "<group>"; };
		83566B321F81E7A0005B5367 /* FavoritesTableCell.swift */ = {isa = PBXFileReference; lastKnownFileType = sourcecode.swift; path = FavoritesTableCell.swift; sourceTree = "<group>"; };
		83566B341F81F691005B5367 /* CoreData.framework */ = {isa = PBXFileReference; lastKnownFileType = wrapper.framework; name = CoreData.framework; path = System/Library/Frameworks/CoreData.framework; sourceTree = SDKROOT; };
		83566B391F81F766005B5367 /* CoreDataHelper.swift */ = {isa = PBXFileReference; lastKnownFileType = sourcecode.swift; path = CoreDataHelper.swift; sourceTree = "<group>"; };
		83769D001F79A0A3001A91D7 /* PoliticoNews.app */ = {isa = PBXFileReference; explicitFileType = wrapper.application; includeInIndex = 0; path = PoliticoNews.app; sourceTree = BUILT_PRODUCTS_DIR; };
		83769D031F79A0A3001A91D7 /* AppDelegate.swift */ = {isa = PBXFileReference; lastKnownFileType = sourcecode.swift; path = AppDelegate.swift; sourceTree = "<group>"; };
		83769D051F79A0A3001A91D7 /* NewsTabBarController.swift */ = {isa = PBXFileReference; lastKnownFileType = sourcecode.swift; path = NewsTabBarController.swift; sourceTree = "<group>"; };
		83769D081F79A0A3001A91D7 /* Base */ = {isa = PBXFileReference; lastKnownFileType = file.storyboard; name = Base; path = Base.lproj/Main.storyboard; sourceTree = "<group>"; };
		83769D0A1F79A0A3001A91D7 /* Assets.xcassets */ = {isa = PBXFileReference; lastKnownFileType = folder.assetcatalog; path = Assets.xcassets; sourceTree = "<group>"; };
		83769D0D1F79A0A3001A91D7 /* Base */ = {isa = PBXFileReference; lastKnownFileType = file.storyboard; name = Base; path = Base.lproj/LaunchScreen.storyboard; sourceTree = "<group>"; };
		83769D0F1F79A0A3001A91D7 /* Info.plist */ = {isa = PBXFileReference; lastKnownFileType = text.plist.xml; path = Info.plist; sourceTree = "<group>"; };
		83A32A731F8747E50015E8E6 /* String+PoliticoNews.swift */ = {isa = PBXFileReference; lastKnownFileType = sourcecode.swift; path = "String+PoliticoNews.swift"; sourceTree = "<group>"; };
		83BC0B821F7A3A0D002D968E /* ArticleSerialization.swift */ = {isa = PBXFileReference; lastKnownFileType = sourcecode.swift; path = ArticleSerialization.swift; sourceTree = "<group>"; };
		83BC0B871F7C4DE7002D968E /* HomeViewController.swift */ = {isa = PBXFileReference; lastKnownFileType = sourcecode.swift; path = HomeViewController.swift; sourceTree = "<group>"; };
		83BC0B891F7C4DF8002D968E /* FavoritesViewController.swift */ = {isa = PBXFileReference; lastKnownFileType = sourcecode.swift; path = FavoritesViewController.swift; sourceTree = "<group>"; };
		83BC0B8C1F7C5245002D968E /* PTViewController.swift */ = {isa = PBXFileReference; lastKnownFileType = sourcecode.swift; path = PTViewController.swift; sourceTree = "<group>"; };
		83BC0B8E1F7C52B3002D968E /* PTNavigationController.swift */ = {isa = PBXFileReference; lastKnownFileType = sourcecode.swift; path = PTNavigationController.swift; sourceTree = "<group>"; };
		83BC0B911F7C5ADD002D968E /* NewsTabBar.swift */ = {isa = PBXFileReference; lastKnownFileType = sourcecode.swift; path = NewsTabBar.swift; sourceTree = "<group>"; };
		83BC0B961F7C6ED1002D968E /* ArticleViewModel.swift */ = {isa = PBXFileReference; lastKnownFileType = sourcecode.swift; path = ArticleViewModel.swift; sourceTree = "<group>"; };
		87717073ADBE94EEDAAB6986 /* Pods_PoliticoNews.framework */ = {isa = PBXFileReference; explicitFileType = wrapper.framework; includeInIndex = 0; path = Pods_PoliticoNews.framework; sourceTree = BUILT_PRODUCTS_DIR; };
		D0B645A68283D3F181E73532 /* Pods-PoliticoNews.debug.xcconfig */ = {isa = PBXFileReference; includeInIndex = 1; lastKnownFileType = text.xcconfig; name = "Pods-PoliticoNews.debug.xcconfig"; path = "Pods/Target Support Files/Pods-PoliticoNews/Pods-PoliticoNews.debug.xcconfig"; sourceTree = "<group>"; };
/* End PBXFileReference section */

/* Begin PBXFrameworksBuildPhase section */
		83769CFD1F79A0A3001A91D7 /* Frameworks */ = {
			isa = PBXFrameworksBuildPhase;
			buildActionMask = 2147483647;
			files = (
				83566B351F81F691005B5367 /* CoreData.framework in Frameworks */,
				CB7E13F5C0D48C9F7152554D /* Pods_PoliticoNews.framework in Frameworks */,
			);
			runOnlyForDeploymentPostprocessing = 0;
		};
/* End PBXFrameworksBuildPhase section */

/* Begin PBXGroup section */
		83566B3B1F81F76C005B5367 /* Helpers */ = {
			isa = PBXGroup;
			children = (
				83566B391F81F766005B5367 /* CoreDataHelper.swift */,
			);
			path = Helpers;
			sourceTree = "<group>";
		};
		83769CF71F79A0A3001A91D7 = {
			isa = PBXGroup;
			children = (
				83769D021F79A0A3001A91D7 /* PoliticoNews */,
				83769D011F79A0A3001A91D7 /* Products */,
				F021281FA1DAD14C2BB45B12 /* Pods */,
				9FD997273C50C0EF626B663B /* Frameworks */,
			);
			sourceTree = "<group>";
		};
		83769D011F79A0A3001A91D7 /* Products */ = {
			isa = PBXGroup;
			children = (
				83769D001F79A0A3001A91D7 /* PoliticoNews.app */,
			);
			name = Products;
			sourceTree = "<group>";
		};
		83769D021F79A0A3001A91D7 /* PoliticoNews */ = {
			isa = PBXGroup;
			children = (
				83769D031F79A0A3001A91D7 /* AppDelegate.swift */,
				83566B3B1F81F76C005B5367 /* Helpers */,
				83BC0B901F7C5ACD002D968E /* Views */,
				83BC0B951F7C6EBA002D968E /* View Models */,
				83BC0B811F7A39F6002D968E /* Data */,
				83BC0B801F7A39BB002D968E /* Models */,
				83BC0B7F1F7A39B2002D968E /* View Controllers */,
				83BC0B861F7C4C6E002D968E /* Storyboards */,
				83BC0B8B1F7C520A002D968E /* Extensions */,
				83769D0A1F79A0A3001A91D7 /* Assets.xcassets */,
				83769D0F1F79A0A3001A91D7 /* Info.plist */,
				833F5B411F8609B80096F367 /* FavoriteArticle.xcdatamodeld */,
			);
			path = PoliticoNews;
			sourceTree = "<group>";
		};
		83BC0B7F1F7A39B2002D968E /* View Controllers */ = {
			isa = PBXGroup;
			children = (
				83BC0B8E1F7C52B3002D968E /* PTNavigationController.swift */,
				83769D051F79A0A3001A91D7 /* NewsTabBarController.swift */,
				83BC0B871F7C4DE7002D968E /* HomeViewController.swift */,
				832E54BF1F7E2D1400B780E5 /* DisplayViewController.swift */,
				83BC0B891F7C4DF8002D968E /* FavoritesViewController.swift */,
			);
			path = "View Controllers";
			sourceTree = "<group>";
		};
		83BC0B801F7A39BB002D968E /* Models */ = {
			isa = PBXGroup;
			children = (
				834E1ECA1F8347E200E47854 /* Article.swift */,
			);
			path = Models;
			sourceTree = "<group>";
		};
		83BC0B811F7A39F6002D968E /* Data */ = {
			isa = PBXGroup;
			children = (
				83BC0B821F7A3A0D002D968E /* ArticleSerialization.swift */,
			);
			path = Data;
			sourceTree = "<group>";
		};
		83BC0B861F7C4C6E002D968E /* Storyboards */ = {
			isa = PBXGroup;
			children = (
				83769D071F79A0A3001A91D7 /* Main.storyboard */,
				83769D0C1F79A0A3001A91D7 /* LaunchScreen.storyboard */,
			);
			path = Storyboards;
			sourceTree = "<group>";
		};
		83BC0B8B1F7C520A002D968E /* Extensions */ = {
			isa = PBXGroup;
			children = (
				83BC0B8C1F7C5245002D968E /* PTViewController.swift */,
				8329ADE71F7D8C53004AF2E6 /* UIView+PoliticoNews.swift */,
				834E1ECC1F85A19E00E47854 /* BoldString.swift */,
				833F5B441F862BBF0096F367 /* UIImageView+PoliticoNews.swift */,
				83A32A731F8747E50015E8E6 /* String+PoliticoNews.swift */,
			);
			path = Extensions;
			sourceTree = "<group>";
		};
		83BC0B901F7C5ACD002D968E /* Views */ = {
			isa = PBXGroup;
			children = (
				83BC0B911F7C5ADD002D968E /* NewsTabBar.swift */,
				8329ADE51F7CBFFC004AF2E6 /* HomeCollectionCell.swift */,
				83566B321F81E7A0005B5367 /* FavoritesTableCell.swift */,
			);
			path = Views;
			sourceTree = "<group>";
		};
		83BC0B951F7C6EBA002D968E /* View Models */ = {
			isa = PBXGroup;
			children = (
				83BC0B961F7C6ED1002D968E /* ArticleViewModel.swift */,
			);
			path = "View Models";
			sourceTree = "<group>";
		};
		9FD997273C50C0EF626B663B /* Frameworks */ = {
			isa = PBXGroup;
			children = (
				83566B341F81F691005B5367 /* CoreData.framework */,
				87717073ADBE94EEDAAB6986 /* Pods_PoliticoNews.framework */,
			);
			name = Frameworks;
			sourceTree = "<group>";
		};
		F021281FA1DAD14C2BB45B12 /* Pods */ = {
			isa = PBXGroup;
			children = (
				D0B645A68283D3F181E73532 /* Pods-PoliticoNews.debug.xcconfig */,
				13601D2AE4B9FD6FC1013827 /* Pods-PoliticoNews.release.xcconfig */,
			);
			name = Pods;
			sourceTree = "<group>";
		};
/* End PBXGroup section */

/* Begin PBXNativeTarget section */
		83769CFF1F79A0A3001A91D7 /* PoliticoNews */ = {
			isa = PBXNativeTarget;
			buildConfigurationList = 83769D121F79A0A3001A91D7 /* Build configuration list for PBXNativeTarget "PoliticoNews" */;
			buildPhases = (
				039B67451D7B4394798744F0 /* [CP] Check Pods Manifest.lock */,
				83769CFC1F79A0A3001A91D7 /* Sources */,
				83769CFD1F79A0A3001A91D7 /* Frameworks */,
				83769CFE1F79A0A3001A91D7 /* Resources */,
				2DA67A2795ED921BD38A74F5 /* [CP] Embed Pods Frameworks */,
				35C88AA43CBA86ED7A1B349A /* [CP] Copy Pods Resources */,
			);
			buildRules = (
			);
			dependencies = (
			);
			name = PoliticoNews;
			productName = PoliticoNews;
			productReference = 83769D001F79A0A3001A91D7 /* PoliticoNews.app */;
			productType = "com.apple.product-type.application";
		};
/* End PBXNativeTarget section */

/* Begin PBXProject section */
		83769CF81F79A0A3001A91D7 /* Project object */ = {
			isa = PBXProject;
			attributes = {
				LastSwiftUpdateCheck = 0820;
				LastUpgradeCheck = 0820;
				ORGANIZATIONNAME = "Chris Chueh";
				TargetAttributes = {
					83769CFF1F79A0A3001A91D7 = {
						CreatedOnToolsVersion = 8.2.1;
						DevelopmentTeam = LP22J464X7;
						ProvisioningStyle = Automatic;
					};
				};
			};
			buildConfigurationList = 83769CFB1F79A0A3001A91D7 /* Build configuration list for PBXProject "PoliticoNews" */;
			compatibilityVersion = "Xcode 3.2";
			developmentRegion = English;
			hasScannedForEncodings = 0;
			knownRegions = (
				en,
				Base,
			);
			mainGroup = 83769CF71F79A0A3001A91D7;
			productRefGroup = 83769D011F79A0A3001A91D7 /* Products */;
			projectDirPath = "";
			projectRoot = "";
			targets = (
				83769CFF1F79A0A3001A91D7 /* PoliticoNews */,
			);
		};
/* End PBXProject section */

/* Begin PBXResourcesBuildPhase section */
		83769CFE1F79A0A3001A91D7 /* Resources */ = {
			isa = PBXResourcesBuildPhase;
			buildActionMask = 2147483647;
			files = (
				83769D0E1F79A0A3001A91D7 /* LaunchScreen.storyboard in Resources */,
				83769D0B1F79A0A3001A91D7 /* Assets.xcassets in Resources */,
				83769D091F79A0A3001A91D7 /* Main.storyboard in Resources */,
			);
			runOnlyForDeploymentPostprocessing = 0;
		};
/* End PBXResourcesBuildPhase section */

/* Begin PBXShellScriptBuildPhase section */
		039B67451D7B4394798744F0 /* [CP] Check Pods Manifest.lock */ = {
			isa = PBXShellScriptBuildPhase;
			buildActionMask = 2147483647;
			files = (
			);
			inputPaths = (
			);
			name = "[CP] Check Pods Manifest.lock";
			outputPaths = (
			);
			runOnlyForDeploymentPostprocessing = 0;
			shellPath = /bin/sh;
			shellScript = "diff \"${PODS_ROOT}/../Podfile.lock\" \"${PODS_ROOT}/Manifest.lock\" > /dev/null\nif [ $? != 0 ] ; then\n    # print error to STDERR\n    echo \"error: The sandbox is not in sync with the Podfile.lock. Run 'pod install' or update your CocoaPods installation.\" >&2\n    exit 1\nfi\n";
			showEnvVarsInLog = 0;
		};
		2DA67A2795ED921BD38A74F5 /* [CP] Embed Pods Frameworks */ = {
			isa = PBXShellScriptBuildPhase;
			buildActionMask = 2147483647;
			files = (
			);
			inputPaths = (
			);
			name = "[CP] Embed Pods Frameworks";
			outputPaths = (
			);
			runOnlyForDeploymentPostprocessing = 0;
			shellPath = /bin/sh;
			shellScript = "\"${SRCROOT}/Pods/Target Support Files/Pods-PoliticoNews/Pods-PoliticoNews-frameworks.sh\"\n";
			showEnvVarsInLog = 0;
		};
		35C88AA43CBA86ED7A1B349A /* [CP] Copy Pods Resources */ = {
			isa = PBXShellScriptBuildPhase;
			buildActionMask = 2147483647;
			files = (
			);
			inputPaths = (
			);
			name = "[CP] Copy Pods Resources";
			outputPaths = (
			);
			runOnlyForDeploymentPostprocessing = 0;
			shellPath = /bin/sh;
			shellScript = "\"${SRCROOT}/Pods/Target Support Files/Pods-PoliticoNews/Pods-PoliticoNews-resources.sh\"\n";
			showEnvVarsInLog = 0;
		};
/* End PBXShellScriptBuildPhase section */

/* Begin PBXSourcesBuildPhase section */
		83769CFC1F79A0A3001A91D7 /* Sources */ = {
			isa = PBXSourcesBuildPhase;
			buildActionMask = 2147483647;
			files = (
				8329ADE81F7D8C53004AF2E6 /* UIView+PoliticoNews.swift in Sources */,
				832E54C01F7E2D1400B780E5 /* DisplayViewController.swift in Sources */,
				83BC0B8D1F7C5245002D968E /* PTViewController.swift in Sources */,
				83BC0B881F7C4DE7002D968E /* HomeViewController.swift in Sources */,
				833F5B451F862BBF0096F367 /* UIImageView+PoliticoNews.swift in Sources */,
				83566B3A1F81F766005B5367 /* CoreDataHelper.swift in Sources */,
				83A32A741F8747E50015E8E6 /* String+PoliticoNews.swift in Sources */,
				83769D061F79A0A3001A91D7 /* NewsTabBarController.swift in Sources */,
				83566B331F81E7A0005B5367 /* FavoritesTableCell.swift in Sources */,
				8329ADE61F7CBFFC004AF2E6 /* HomeCollectionCell.swift in Sources */,
				83BC0B921F7C5ADD002D968E /* NewsTabBar.swift in Sources */,
				83769D041F79A0A3001A91D7 /* AppDelegate.swift in Sources */,
				83BC0B8A1F7C4DF8002D968E /* FavoritesViewController.swift in Sources */,
				83BC0B971F7C6ED1002D968E /* ArticleViewModel.swift in Sources */,
				83BC0B831F7A3A0D002D968E /* ArticleSerialization.swift in Sources */,
				83BC0B8F1F7C52B3002D968E /* PTNavigationController.swift in Sources */,
				834E1ECB1F8347E200E47854 /* Article.swift in Sources */,
				834E1ECD1F85A19E00E47854 /* BoldString.swift in Sources */,
				833F5B431F8609B80096F367 /* FavoriteArticle.xcdatamodeld in Sources */,
			);
			runOnlyForDeploymentPostprocessing = 0;
		};
/* End PBXSourcesBuildPhase section */

/* Begin PBXVariantGroup section */
		83769D071F79A0A3001A91D7 /* Main.storyboard */ = {
			isa = PBXVariantGroup;
			children = (
				83769D081F79A0A3001A91D7 /* Base */,
			);
			name = Main.storyboard;
			sourceTree = "<group>";
		};
		83769D0C1F79A0A3001A91D7 /* LaunchScreen.storyboard */ = {
			isa = PBXVariantGroup;
			children = (
				83769D0D1F79A0A3001A91D7 /* Base */,
			);
			name = LaunchScreen.storyboard;
			sourceTree = "<group>";
		};
/* End PBXVariantGroup section */

/* Begin XCBuildConfiguration section */
		83769D101F79A0A3001A91D7 /* Debug */ = {
			isa = XCBuildConfiguration;
			buildSettings = {
				ALWAYS_SEARCH_USER_PATHS = NO;
				CLANG_ANALYZER_NONNULL = YES;
				CLANG_CXX_LANGUAGE_STANDARD = "gnu++0x";
				CLANG_CXX_LIBRARY = "libc++";
				CLANG_ENABLE_MODULES = YES;
				CLANG_ENABLE_OBJC_ARC = YES;
				CLANG_WARN_BOOL_CONVERSION = YES;
				CLANG_WARN_CONSTANT_CONVERSION = YES;
				CLANG_WARN_DIRECT_OBJC_ISA_USAGE = YES_ERROR;
				CLANG_WARN_DOCUMENTATION_COMMENTS = YES;
				CLANG_WARN_EMPTY_BODY = YES;
				CLANG_WARN_ENUM_CONVERSION = YES;
				CLANG_WARN_INFINITE_RECURSION = YES;
				CLANG_WARN_INT_CONVERSION = YES;
				CLANG_WARN_OBJC_ROOT_CLASS = YES_ERROR;
				CLANG_WARN_SUSPICIOUS_MOVE = YES;
				CLANG_WARN_UNREACHABLE_CODE = YES;
				CLANG_WARN__DUPLICATE_METHOD_MATCH = YES;
				"CODE_SIGN_IDENTITY[sdk=iphoneos*]" = "iPhone Developer";
				COPY_PHASE_STRIP = NO;
				DEBUG_INFORMATION_FORMAT = dwarf;
				ENABLE_STRICT_OBJC_MSGSEND = YES;
				ENABLE_TESTABILITY = YES;
				GCC_C_LANGUAGE_STANDARD = gnu99;
				GCC_DYNAMIC_NO_PIC = NO;
				GCC_NO_COMMON_BLOCKS = YES;
				GCC_OPTIMIZATION_LEVEL = 0;
				GCC_PREPROCESSOR_DEFINITIONS = (
					"DEBUG=1",
					"$(inherited)",
				);
				GCC_WARN_64_TO_32_BIT_CONVERSION = YES;
				GCC_WARN_ABOUT_RETURN_TYPE = YES_ERROR;
				GCC_WARN_UNDECLARED_SELECTOR = YES;
				GCC_WARN_UNINITIALIZED_AUTOS = YES_AGGRESSIVE;
				GCC_WARN_UNUSED_FUNCTION = YES;
				GCC_WARN_UNUSED_VARIABLE = YES;
				IPHONEOS_DEPLOYMENT_TARGET = 10.2;
				MTL_ENABLE_DEBUG_INFO = YES;
				ONLY_ACTIVE_ARCH = YES;
				SDKROOT = iphoneos;
				SWIFT_ACTIVE_COMPILATION_CONDITIONS = DEBUG;
				SWIFT_OPTIMIZATION_LEVEL = "-Onone";
			};
			name = Debug;
		};
		83769D111F79A0A3001A91D7 /* Release */ = {
			isa = XCBuildConfiguration;
			buildSettings = {
				ALWAYS_SEARCH_USER_PATHS = NO;
				CLANG_ANALYZER_NONNULL = YES;
				CLANG_CXX_LANGUAGE_STANDARD = "gnu++0x";
				CLANG_CXX_LIBRARY = "libc++";
				CLANG_ENABLE_MODULES = YES;
				CLANG_ENABLE_OBJC_ARC = YES;
				CLANG_WARN_BOOL_CONVERSION = YES;
				CLANG_WARN_CONSTANT_CONVERSION = YES;
				CLANG_WARN_DIRECT_OBJC_ISA_USAGE = YES_ERROR;
				CLANG_WARN_DOCUMENTATION_COMMENTS = YES;
				CLANG_WARN_EMPTY_BODY = YES;
				CLANG_WARN_ENUM_CONVERSION = YES;
				CLANG_WARN_INFINITE_RECURSION = YES;
				CLANG_WARN_INT_CONVERSION = YES;
				CLANG_WARN_OBJC_ROOT_CLASS = YES_ERROR;
				CLANG_WARN_SUSPICIOUS_MOVE = YES;
				CLANG_WARN_UNREACHABLE_CODE = YES;
				CLANG_WARN__DUPLICATE_METHOD_MATCH = YES;
				"CODE_SIGN_IDENTITY[sdk=iphoneos*]" = "iPhone Developer";
				COPY_PHASE_STRIP = NO;
				DEBUG_INFORMATION_FORMAT = "dwarf-with-dsym";
				ENABLE_NS_ASSERTIONS = NO;
				ENABLE_STRICT_OBJC_MSGSEND = YES;
				GCC_C_LANGUAGE_STANDARD = gnu99;
				GCC_NO_COMMON_BLOCKS = YES;
				GCC_WARN_64_TO_32_BIT_CONVERSION = YES;
				GCC_WARN_ABOUT_RETURN_TYPE = YES_ERROR;
				GCC_WARN_UNDECLARED_SELECTOR = YES;
				GCC_WARN_UNINITIALIZED_AUTOS = YES_AGGRESSIVE;
				GCC_WARN_UNUSED_FUNCTION = YES;
				GCC_WARN_UNUSED_VARIABLE = YES;
				IPHONEOS_DEPLOYMENT_TARGET = 10.2;
				MTL_ENABLE_DEBUG_INFO = NO;
				SDKROOT = iphoneos;
				SWIFT_OPTIMIZATION_LEVEL = "-Owholemodule";
				VALIDATE_PRODUCT = YES;
			};
			name = Release;
		};
		83769D131F79A0A3001A91D7 /* Debug */ = {
			isa = XCBuildConfiguration;
			baseConfigurationReference = D0B645A68283D3F181E73532 /* Pods-PoliticoNews.debug.xcconfig */;
			buildSettings = {
				ASSETCATALOG_COMPILER_APPICON_NAME = AppIcon;
				DEVELOPMENT_TEAM = LP22J464X7;
				INFOPLIST_FILE = PoliticoNews/Info.plist;
				LD_RUNPATH_SEARCH_PATHS = "$(inherited) @executable_path/Frameworks";
				PRODUCT_BUNDLE_IDENTIFIER = "com.Chris-Chueh.PoliticoNews";
				PRODUCT_NAME = "$(TARGET_NAME)";
				SWIFT_VERSION = 3.0;
			};
			name = Debug;
		};
		83769D141F79A0A3001A91D7 /* Release */ = {
			isa = XCBuildConfiguration;
			baseConfigurationReference = 13601D2AE4B9FD6FC1013827 /* Pods-PoliticoNews.release.xcconfig */;
			buildSettings = {
				ASSETCATALOG_COMPILER_APPICON_NAME = AppIcon;
				DEVELOPMENT_TEAM = LP22J464X7;
				INFOPLIST_FILE = PoliticoNews/Info.plist;
				LD_RUNPATH_SEARCH_PATHS = "$(inherited) @executable_path/Frameworks";
				PRODUCT_BUNDLE_IDENTIFIER = "com.Chris-Chueh.PoliticoNews";
				PRODUCT_NAME = "$(TARGET_NAME)";
				SWIFT_VERSION = 3.0;
			};
			name = Release;
		};
/* End XCBuildConfiguration section */

/* Begin XCConfigurationList section */
		83769CFB1F79A0A3001A91D7 /* Build configuration list for PBXProject "PoliticoNews" */ = {
			isa = XCConfigurationList;
			buildConfigurations = (
				83769D101F79A0A3001A91D7 /* Debug */,
				83769D111F79A0A3001A91D7 /* Release */,
			);
			defaultConfigurationIsVisible = 0;
			defaultConfigurationName = Release;
		};
		83769D121F79A0A3001A91D7 /* Build configuration list for PBXNativeTarget "PoliticoNews" */ = {
			isa = XCConfigurationList;
			buildConfigurations = (
				83769D131F79A0A3001A91D7 /* Debug */,
				83769D141F79A0A3001A91D7 /* Release */,
			);
			defaultConfigurationIsVisible = 0;
			defaultConfigurationName = Release;
		};
/* End XCConfigurationList section */

/* Begin XCVersionGroup section */
		833F5B411F8609B80096F367 /* FavoriteArticle.xcdatamodeld */ = {
			isa = XCVersionGroup;
			children = (
				833F5B421F8609B80096F367 /* FavoriteArticle.xcdatamodel */,
			);
			currentVersion = 833F5B421F8609B80096F367 /* FavoriteArticle.xcdatamodel */;
			path = FavoriteArticle.xcdatamodeld;
			sourceTree = "<group>";
			versionGroupType = wrapper.xcdatamodel;
		};
/* End XCVersionGroup section */
	};
	rootObject = 83769CF81F79A0A3001A91D7 /* Project object */;
}
